{
  "version": 4,
  "terraform_version": "1.3.7",
  "serial": 55,
  "lineage": "2d5be9a1-6225-02ad-2449-d1d6112498bb",
  "outputs": {
    "rds_db_name": {
      "value": "wordpressDb",
      "type": "string"
    },
    "rds_endpoint": {
      "value": "rds-db.cbioi6ewwi8l.us-west-2.rds.amazonaws.com:3306",
      "type": "string"
    },
    "rds_passwordword": {
      "value": "data12345",
      "type": "string",
      "sensitive": true
    },
    "rds_username": {
      "value": "priya",
      "type": "string"
    }
  },
  "resources": [
    {
      "mode": "data",
      "type": "aws_ami",
      "name": "amazon_linux",
      "provider": "provider[\"registry.terraform.io/hashicorp/aws\"]",
      "instances": [
        {
          "schema_version": 0,
          "attributes": {
            "architecture": "x86_64",
            "arn": "arn:aws:ec2:us-west-2::image/ami-01572eda7c4411960",
            "block_device_mappings": [
              {
                "device_name": "/dev/xvda",
                "ebs": {
                  "delete_on_termination": "true",
                  "encrypted": "false",
                  "iops": "3000",
                  "snapshot_id": "snap-06c7dba80fbbd75ed",
                  "throughput": "125",
                  "volume_size": "8",
                  "volume_type": "gp3"
                },
                "no_device": "",
                "virtual_name": ""
              }
            ],
            "boot_mode": "uefi-preferred",
            "creation_date": "2024-06-20T23:30:16.000Z",
            "deprecation_time": "2024-09-18T23:30:00.000Z",
            "description": "Amazon Linux 2023 AMI 2023.5.20240624.0 x86_64 HVM kernel-6.1",
            "ena_support": true,
            "executable_users": null,
            "filter": [
              {
                "name": "name",
                "values": [
                  "al2023-ami-2023*x86_64"
                ]
              }
            ],
            "hypervisor": "xen",
            "id": "ami-01572eda7c4411960",
            "image_id": "ami-01572eda7c4411960",
            "image_location": "amazon/al2023-ami-2023.5.20240624.0-kernel-6.1-x86_64",
            "image_owner_alias": "amazon",
            "image_type": "machine",
            "imds_support": "v2.0",
            "include_deprecated": false,
            "kernel_id": "",
            "most_recent": true,
            "name": "al2023-ami-2023.5.20240624.0-kernel-6.1-x86_64",
            "name_regex": null,
            "owner_id": "137112412989",
            "owners": [
              "amazon"
            ],
            "platform": "",
            "platform_details": "Linux/UNIX",
            "product_codes": [],
            "public": true,
            "ramdisk_id": "",
            "root_device_name": "/dev/xvda",
            "root_device_type": "ebs",
            "root_snapshot_id": "snap-06c7dba80fbbd75ed",
            "sriov_net_support": "simple",
            "state": "available",
            "state_reason": {
              "code": "UNSET",
              "message": "UNSET"
            },
            "tags": {},
            "timeouts": null,
            "tpm_support": "",
            "usage_operation": "RunInstances",
            "virtualization_type": "hvm"
          },
          "sensitive_attributes": []
        }
      ]
    },
    {
      "mode": "data",
      "type": "aws_db_instance",
      "name": "mysql_data",
      "provider": "provider[\"registry.terraform.io/hashicorp/aws\"]",
      "instances": [
        {
          "schema_version": 0,
          "attributes": {
            "address": "rds-db.cbioi6ewwi8l.us-west-2.rds.amazonaws.com",
            "allocated_storage": 10,
            "auto_minor_version_upgrade": true,
            "availability_zone": "us-west-2b",
            "backup_retention_period": 0,
            "ca_cert_identifier": "rds-ca-rsa2048-g1",
            "db_cluster_identifier": "",
            "db_instance_arn": "arn:aws:rds:us-west-2:381492010096:db:rds-db",
            "db_instance_class": "db.t3.micro",
            "db_instance_identifier": "rds-db",
            "db_instance_port": 0,
            "db_name": "wordpressDb",
            "db_parameter_groups": [
              "default.mysql8.0"
            ],
            "db_security_groups": [],
            "db_subnet_group": "private_group",
            "enabled_cloudwatch_logs_exports": [],
            "endpoint": "rds-db.cbioi6ewwi8l.us-west-2.rds.amazonaws.com:3306",
            "engine": "mysql",
            "engine_version": "8.0.35",
            "hosted_zone_id": "Z1PVIF0B656C1W",
            "id": "rds-db",
            "iops": 0,
            "kms_key_id": "",
            "license_model": "general-public-license",
            "master_user_secret": null,
            "master_username": "priya",
            "monitoring_interval": 0,
            "monitoring_role_arn": "",
            "multi_az": false,
            "network_type": "IPV4",
            "option_group_memberships": [
              "default:mysql-8-0"
            ],
            "port": 3306,
            "preferred_backup_window": "12:03-12:33",
            "preferred_maintenance_window": "mon:08:33-mon:09:03",
            "publicly_accessible": false,
            "replicate_source_db": "",
            "resource_id": "db-3XG43D25TGE5JUOKVO3YFJZ2FY",
            "storage_encrypted": false,
            "storage_throughput": 0,
            "storage_type": "gp2",
            "tags": {
              "Name": "rds_db 2024-04-12"
            },
            "timezone": "",
            "vpc_security_groups": [
              "sg-0b21396fa8de3122a"
            ]
          },
          "sensitive_attributes": []
        }
      ]
    },
    {
      "mode": "data",
      "type": "template_file",
      "name": "userdataEC",
      "provider": "provider[\"registry.terraform.io/hashicorp/template\"]",
      "instances": [
        {
          "schema_version": 0,
          "attributes": {
            "filename": null,
            "id": "f2d9d4c630c7114db8dd5b544e36a922c639c8269f8cb52a62480549d1b5f8f2",
            "rendered": "#! /bin/bash\n# # Install updates\nsudo yum update -y\n\n# Configure AWS CLI with IAM role credentials\naws configure set default.region us-west-2\n\nsudo yum install -y stress-ng\n\n#Install httpd\nsudo yum install -y httpd\nsudo systemctl start httpd\nsudo systemctl enable httpd\n\n#Install mysql\nsudo yum install -y mysql\n\n#Install PHP\nsudo yum install -y php \nsudo amazon-linux-extras install \n\n\n# Update all installed \nsudo yum update -y\n\n#Restart Apache\nsudo systemctl restart httpd\n\n#Install Wordpress\nDBRootPassword='rootpassword'\nmysqladmin -u root password $DBRootPassword\n\n# Retrieve RDS endpoint from Terraform output\nDBName=wordpressDb\nDBUser=priya\nDBPassword=data12345\nRDS_ENDPOINT=rds-db.cbioi6ewwi8l.us-west-2.rds.amazonaws.com\n\n# Create a temporary file to store the database value\nsudo touch db.txt\nsudo chmod 777 db.txt\nsudo echo \"DATABASE $DBName;\" \u003e\u003e db.txt\nsudo echo \"USER $DBUser;\" \u003e\u003e db.txt\nsudo echo \"PASSWORD $DBPassword;\" \u003e\u003e db.txt\nsudo echo \"HOST $RDS_ENDPOINT;\" \u003e\u003e db.txt\n\n\nsudo yum install -y wget\nsudo wget http://wordpress.org/latest.tar.gz -P /var/www/html/\n\ncd /var/www/html\nsudo tar -zxvf latest.tar.gz\nsudo cp -rvf wordpress/* .\n\nsudo rm -R wordpress\nsudo rm latest.tar.gz\n\necho \"Terraform output:\"\n\n# Copy wp-config.php file to wordpress directory\nsudo cp ./wp-config-sample.php ./wp-config.php\nsudo sed -i \"s/'database_name_here'/'$DBName'/g\" wp-config.php\nsudo sed -i \"s/'username_here'/'$DBUser'/g\" wp-config.php\nsudo sed -i \"s/'password_here'/'$DBPassword'/g\" wp-config.php\nsudo sed -i \"s/'localhost'/'$RDS_ENDPOINT'/g\" wp-config.php\n\nsudo mysql -h \"$RDS_ENDPOINT\" -u \"$DBUser\" -p\"$DBPassword\" \"$DBName\" -e \"SHOW DATABASES;\"\n\n#Install PHP Extensions\nsudo amazon-linux-extras enable php7.4\nsudo yum clean metadata\nsudo yum install -y php-cli php-pdo php-fpm php-json php-mysqlnd\n\n# Restart Apache\nsudo systemctl restart httpd\n",
            "template": "#! /bin/bash\n# # Install updates\nsudo yum update -y\n\n# Configure AWS CLI with IAM role credentials\naws configure set default.region us-west-2\n\nsudo yum install -y stress-ng\n\n#Install httpd\nsudo yum install -y httpd\nsudo systemctl start httpd\nsudo systemctl enable httpd\n\n#Install mysql\nsudo yum install -y mysql\n\n#Install PHP\nsudo yum install -y php \nsudo amazon-linux-extras install \n\n\n# Update all installed \nsudo yum update -y\n\n#Restart Apache\nsudo systemctl restart httpd\n\n#Install Wordpress\nDBRootPassword='rootpassword'\nmysqladmin -u root password $DBRootPassword\n\n# Retrieve RDS endpoint from Terraform output\nDBName=${rds_db_name}\nDBUser=${rds_username}\nDBPassword=${rds_password}\nRDS_ENDPOINT=${rds_endpoint}\n\n# Create a temporary file to store the database value\nsudo touch db.txt\nsudo chmod 777 db.txt\nsudo echo \"DATABASE $DBName;\" \u003e\u003e db.txt\nsudo echo \"USER $DBUser;\" \u003e\u003e db.txt\nsudo echo \"PASSWORD $DBPassword;\" \u003e\u003e db.txt\nsudo echo \"HOST $RDS_ENDPOINT;\" \u003e\u003e db.txt\n\n\nsudo yum install -y wget\nsudo wget http://wordpress.org/latest.tar.gz -P /var/www/html/\n\ncd /var/www/html\nsudo tar -zxvf latest.tar.gz\nsudo cp -rvf wordpress/* .\n\nsudo rm -R wordpress\nsudo rm latest.tar.gz\n\necho \"Terraform output:\"\n\n# Copy wp-config.php file to wordpress directory\nsudo cp ./wp-config-sample.php ./wp-config.php\nsudo sed -i \"s/'database_name_here'/'$DBName'/g\" wp-config.php\nsudo sed -i \"s/'username_here'/'$DBUser'/g\" wp-config.php\nsudo sed -i \"s/'password_here'/'$DBPassword'/g\" wp-config.php\nsudo sed -i \"s/'localhost'/'$RDS_ENDPOINT'/g\" wp-config.php\n\nsudo mysql -h \"$RDS_ENDPOINT\" -u \"$DBUser\" -p\"$DBPassword\" \"$DBName\" -e \"SHOW DATABASES;\"\n\n#Install PHP Extensions\nsudo amazon-linux-extras enable php7.4\nsudo yum clean metadata\nsudo yum install -y php-cli php-pdo php-fpm php-json php-mysqlnd\n\n# Restart Apache\nsudo systemctl restart httpd\n",
            "vars": {
              "rds_db_name": "wordpressDb",
              "rds_endpoint": "rds-db.cbioi6ewwi8l.us-west-2.rds.amazonaws.com",
              "rds_password": "data12345",
              "rds_username": "priya"
            }
          },
          "sensitive_attributes": [
            [
              {
                "type": "get_attr",
                "value": "vars"
              },
              {
                "type": "index",
                "value": {
                  "value": "rds_password",
                  "type": "string"
                }
              }
            ]
          ]
        }
      ]
    },
    {
      "mode": "managed",
      "type": "aws_autoscaling_attachment",
      "name": "name",
      "provider": "provider[\"registry.terraform.io/hashicorp/aws\"]",
      "instances": [
        {
          "schema_version": 0,
          "attributes": {
            "alb_target_group_arn": null,
            "autoscaling_group_name": "wordpress-asg",
            "elb": null,
            "id": "wordpress-asg-20240629182051173500000005",
            "lb_target_group_arn": "arn:aws:elasticloadbalancing:us-west-2:381492010096:targetgroup/wordpress-target-group/a109d806c49f8d2f"
          },
          "sensitive_attributes": [],
          "private": "bnVsbA==",
          "dependencies": [
            "aws_autoscaling_group.wordpress_autoscaling_group",
            "aws_db_instance.mysql",
            "aws_db_subnet_group.private",
            "aws_launch_template.scaling_launch_template",
            "aws_lb_target_group.Wordpress_target_group",
            "aws_security_group.rds_mysql",
            "aws_security_group.wordpress_sg",
            "aws_subnet.private",
            "aws_subnet.public",
            "aws_vpc.vpc",
            "data.aws_ami.amazon_linux",
            "data.aws_db_instance.mysql_data",
            "data.template_file.userdataEC"
          ]
        }
      ]
    },
    {
      "mode": "managed",
      "type": "aws_autoscaling_group",
      "name": "wordpress_autoscaling_group",
      "provider": "provider[\"registry.terraform.io/hashicorp/aws\"]",
      "instances": [
        {
          "schema_version": 0,
          "attributes": {
            "arn": "arn:aws:autoscaling:us-west-2:381492010096:autoScalingGroup:dccb15d9-724f-4d85-abc8-9a150694b9a2:autoScalingGroupName/wordpress-asg",
            "availability_zones": [
              "us-west-2a",
              "us-west-2b"
            ],
            "capacity_rebalance": false,
            "context": "",
            "default_cooldown": 300,
            "default_instance_warmup": 0,
            "desired_capacity": 2,
            "desired_capacity_type": "",
            "enabled_metrics": [],
            "force_delete": false,
            "force_delete_warm_pool": false,
            "health_check_grace_period": 300,
            "health_check_type": "ELB",
            "id": "wordpress-asg",
            "initial_lifecycle_hook": [],
            "instance_refresh": [],
            "launch_configuration": "",
            "launch_template": [
              {
                "id": "lt-0b546f0450a7156ec",
                "name": "scaling_launch_template20240629181857139600000002",
                "version": "$Latest"
              }
            ],
            "load_balancers": [],
            "max_instance_lifetime": 0,
            "max_size": 4,
            "metrics_granularity": "1Minute",
            "min_elb_capacity": null,
            "min_size": 1,
            "mixed_instances_policy": [],
            "name": "wordpress-asg",
            "name_prefix": "",
            "placement_group": "",
            "predicted_capacity": 0,
            "protect_from_scale_in": false,
            "service_linked_role_arn": "arn:aws:iam::381492010096:role/aws-service-role/autoscaling.amazonaws.com/AWSServiceRoleForAutoScaling",
            "suspended_processes": [],
            "tag": [
              {
                "key": "Name",
                "propagate_at_launch": true,
                "value": "Wordpress_Instance_AS2024-04-12-"
              }
            ],
            "tags": null,
            "target_group_arns": [
              "arn:aws:elasticloadbalancing:us-west-2:381492010096:targetgroup/wordpress-target-group/a109d806c49f8d2f"
            ],
            "termination_policies": [],
            "timeouts": null,
            "vpc_zone_identifier": [
              "subnet-07d32cf5f2738e32c",
              "subnet-0c3f87ce3973607a0"
            ],
            "wait_for_capacity_timeout": "10m",
            "wait_for_elb_capacity": null,
            "warm_pool": [],
            "warm_pool_size": 0
          },
          "sensitive_attributes": [],
          "private": "eyJlMmJmYjczMC1lY2FhLTExZTYtOGY4OC0zNDM2M2JjN2M0YzAiOnsiZGVsZXRlIjo2MDAwMDAwMDAwMDAsInVwZGF0ZSI6NjAwMDAwMDAwMDAwfX0=",
          "dependencies": [
            "aws_db_instance.mysql",
            "aws_db_subnet_group.private",
            "aws_launch_template.scaling_launch_template",
            "aws_lb_target_group.Wordpress_target_group",
            "aws_security_group.rds_mysql",
            "aws_security_group.wordpress_sg",
            "aws_subnet.private",
            "aws_subnet.public",
            "aws_vpc.vpc",
            "data.aws_ami.amazon_linux",
            "data.aws_db_instance.mysql_data",
            "data.template_file.userdataEC"
          ]
        }
      ]
    },
    {
      "mode": "managed",
      "type": "aws_autoscaling_policy",
      "name": "scale_out",
      "provider": "provider[\"registry.terraform.io/hashicorp/aws\"]",
      "instances": [
        {
          "schema_version": 0,
          "attributes": {
            "adjustment_type": "",
            "arn": "arn:aws:autoscaling:us-west-2:381492010096:scalingPolicy:7f7df3b2-d26e-4d8e-8fca-cc1dc9b0da1e:autoScalingGroupName/wordpress-asg:policyName/scale_out",
            "autoscaling_group_name": "wordpress-asg",
            "cooldown": 0,
            "enabled": true,
            "estimated_instance_warmup": 0,
            "id": "scale_out",
            "metric_aggregation_type": "",
            "min_adjustment_magnitude": 0,
            "name": "scale_out",
            "policy_type": "TargetTrackingScaling",
            "predictive_scaling_configuration": [],
            "scaling_adjustment": 0,
            "step_adjustment": [],
            "target_tracking_configuration": [
              {
                "customized_metric_specification": [],
                "disable_scale_in": false,
                "predefined_metric_specification": [
                  {
                    "predefined_metric_type": "ASGAverageCPUUtilization",
                    "resource_label": ""
                  }
                ],
                "target_value": 80
              }
            ]
          },
          "sensitive_attributes": [],
          "private": "bnVsbA==",
          "dependencies": [
            "aws_autoscaling_group.wordpress_autoscaling_group"
          ]
        }
      ]
    },
    {
      "mode": "managed",
      "type": "aws_cloudwatch_metric_alarm",
      "name": "cpu_utilization_alarm",
      "provider": "provider[\"registry.terraform.io/hashicorp/aws\"]",
      "instances": [
        {
          "schema_version": 1,
          "attributes": {
            "actions_enabled": true,
            "alarm_actions": [
              "arn:aws:sns:us-west-2:381492010096:sns_topic"
            ],
            "alarm_description": "Alarm when CPU utilization is less than or equal to 80%",
            "alarm_name": "stress_on_ec2",
            "arn": "arn:aws:cloudwatch:us-west-2:381492010096:alarm:stress_on_ec2",
            "comparison_operator": "GreaterThanOrEqualToThreshold",
            "datapoints_to_alarm": 0,
            "dimensions": {
              "InstanceId": "i-04a20893e84f95cef"
            },
            "evaluate_low_sample_count_percentiles": "",
            "evaluation_periods": 1,
            "extended_statistic": "",
            "id": "stress_on_ec2",
            "insufficient_data_actions": [],
            "metric_name": "CPUUtilization",
            "metric_query": [],
            "namespace": "AWS/EC2",
            "ok_actions": [],
            "period": 300,
            "statistic": "Average",
            "tags": {},
            "tags_all": {},
            "threshold": 80,
            "threshold_metric_id": "",
            "treat_missing_data": "missing",
            "unit": ""
          },
          "sensitive_attributes": [],
          "private": "eyJzY2hlbWFfdmVyc2lvbiI6IjEifQ==",
          "dependencies": [
            "aws_db_instance.mysql",
            "aws_db_subnet_group.private",
            "aws_instance.wordpress_instance",
            "aws_security_group.rds_mysql",
            "aws_security_group.wordpress_sg",
            "aws_sns_topic.sns_topic",
            "aws_subnet.private",
            "aws_subnet.public",
            "aws_vpc.vpc",
            "data.aws_ami.amazon_linux",
            "data.aws_db_instance.mysql_data",
            "data.template_file.userdataEC"
          ]
        }
      ]
    },
    {
      "mode": "managed",
      "type": "aws_db_instance",
      "name": "mysql",
      "provider": "provider[\"registry.terraform.io/hashicorp/aws\"]",
      "instances": [
        {
          "schema_version": 1,
          "attributes": {
            "address": "rds-db.cbioi6ewwi8l.us-west-2.rds.amazonaws.com",
            "allocated_storage": 10,
            "allow_major_version_upgrade": null,
            "apply_immediately": false,
            "arn": "arn:aws:rds:us-west-2:381492010096:db:rds-db",
            "auto_minor_version_upgrade": true,
            "availability_zone": "us-west-2b",
            "backup_retention_period": 0,
            "backup_window": "12:03-12:33",
            "blue_green_update": [],
            "ca_cert_identifier": "rds-ca-rsa2048-g1",
            "character_set_name": "",
            "copy_tags_to_snapshot": false,
            "custom_iam_instance_profile": "",
            "customer_owned_ip_enabled": false,
            "db_name": "wordpressDb",
            "db_subnet_group_name": "private_group",
            "delete_automated_backups": true,
            "deletion_protection": false,
            "domain": "",
            "domain_iam_role_name": "",
            "enabled_cloudwatch_logs_exports": [],
            "endpoint": "rds-db.cbioi6ewwi8l.us-west-2.rds.amazonaws.com:3306",
            "engine": "mysql",
            "engine_version": "8.0.35",
            "engine_version_actual": "8.0.35",
            "final_snapshot_identifier": null,
            "hosted_zone_id": "Z1PVIF0B656C1W",
            "iam_database_authentication_enabled": false,
            "id": "rds-db",
            "identifier": "rds-db",
            "identifier_prefix": "",
            "instance_class": "db.t3.micro",
            "iops": 0,
            "kms_key_id": "",
            "latest_restorable_time": "",
            "license_model": "general-public-license",
            "listener_endpoint": [],
            "maintenance_window": "mon:08:33-mon:09:03",
            "manage_master_user_password": null,
            "master_user_secret": [],
            "master_user_secret_kms_key_id": null,
            "max_allocated_storage": 0,
            "monitoring_interval": 0,
            "monitoring_role_arn": "",
            "multi_az": false,
            "name": "wordpressDb",
            "nchar_character_set_name": "",
            "network_type": "IPV4",
            "option_group_name": "default:mysql-8-0",
            "parameter_group_name": "default.mysql8.0",
            "password": "data12345",
            "performance_insights_enabled": false,
            "performance_insights_kms_key_id": "",
            "performance_insights_retention_period": 0,
            "port": 3306,
            "publicly_accessible": false,
            "replica_mode": "",
            "replicas": [],
            "replicate_source_db": "",
            "resource_id": "db-3XG43D25TGE5JUOKVO3YFJZ2FY",
            "restore_to_point_in_time": [],
            "s3_import": [],
            "security_group_names": [],
            "skip_final_snapshot": true,
            "snapshot_identifier": null,
            "status": "available",
            "storage_encrypted": false,
            "storage_throughput": 0,
            "storage_type": "gp2",
            "tags": {
              "Name": "rds_db 2024-04-12"
            },
            "tags_all": {
              "Name": "rds_db 2024-04-12"
            },
            "timeouts": null,
            "timezone": "",
            "username": "priya",
            "vpc_security_group_ids": [
              "sg-0b21396fa8de3122a"
            ]
          },
          "sensitive_attributes": [
            [
              {
                "type": "get_attr",
                "value": "password"
              }
            ]
          ],
          "private": "eyJlMmJmYjczMC1lY2FhLTExZTYtOGY4OC0zNDM2M2JjN2M0YzAiOnsiY3JlYXRlIjoyNDAwMDAwMDAwMDAwLCJkZWxldGUiOjM2MDAwMDAwMDAwMDAsInVwZGF0ZSI6NDgwMDAwMDAwMDAwMH0sInNjaGVtYV92ZXJzaW9uIjoiMSJ9",
          "dependencies": [
            "aws_db_subnet_group.private",
            "aws_security_group.rds_mysql",
            "aws_subnet.private",
            "aws_vpc.vpc"
          ],
          "create_before_destroy": true
        }
      ]
    },
    {
      "mode": "managed",
      "type": "aws_db_subnet_group",
      "name": "private",
      "provider": "provider[\"registry.terraform.io/hashicorp/aws\"]",
      "instances": [
        {
          "schema_version": 0,
          "attributes": {
            "arn": "arn:aws:rds:us-west-2:381492010096:subgrp:private_group",
            "description": "Managed by Terraform",
            "id": "private_group",
            "name": "private_group",
            "name_prefix": "",
            "subnet_ids": [
              "subnet-008bca04bfc28307e",
              "subnet-0bb0c6fb6cd2372eb"
            ],
            "supported_network_types": [
              "IPV4"
            ],
            "tags": {
              "Name": "Private_Group 2024-04-12"
            },
            "tags_all": {
              "Name": "Private_Group 2024-04-12"
            },
            "vpc_id": "vpc-04bb9f1f43e1a30c9"
          },
          "sensitive_attributes": [],
          "private": "bnVsbA==",
          "dependencies": [
            "aws_subnet.private",
            "aws_vpc.vpc"
          ],
          "create_before_destroy": true
        }
      ]
    },
    {
      "mode": "managed",
      "type": "aws_instance",
      "name": "wordpress_instance",
      "provider": "provider[\"registry.terraform.io/hashicorp/aws\"]",
      "instances": [
        {
          "schema_version": 1,
          "attributes": {
            "ami": "ami-01572eda7c4411960",
            "arn": "arn:aws:ec2:us-west-2:381492010096:instance/i-04a20893e84f95cef",
            "associate_public_ip_address": true,
            "availability_zone": "us-west-2a",
            "capacity_reservation_specification": [
              {
                "capacity_reservation_preference": "open",
                "capacity_reservation_target": []
              }
            ],
            "cpu_core_count": 1,
            "cpu_options": [
              {
                "amd_sev_snp": "",
                "core_count": 1,
                "threads_per_core": 1
              }
            ],
            "cpu_threads_per_core": 1,
            "credit_specification": [
              {
                "cpu_credits": "standard"
              }
            ],
            "disable_api_stop": false,
            "disable_api_termination": false,
            "ebs_block_device": [],
            "ebs_optimized": false,
            "enclave_options": [
              {
                "enabled": false
              }
            ],
            "ephemeral_block_device": [],
            "get_password_data": false,
            "hibernation": false,
            "host_id": "",
            "host_resource_group_arn": null,
            "iam_instance_profile": "",
            "id": "i-04a20893e84f95cef",
            "instance_initiated_shutdown_behavior": "stop",
            "instance_state": "running",
            "instance_type": "t2.micro",
            "ipv6_address_count": 0,
            "ipv6_addresses": [],
            "key_name": "wordpress",
            "launch_template": [],
            "maintenance_options": [
              {
                "auto_recovery": "default"
              }
            ],
            "metadata_options": [
              {
                "http_endpoint": "enabled",
                "http_put_response_hop_limit": 2,
                "http_tokens": "required",
                "instance_metadata_tags": "disabled"
              }
            ],
            "monitoring": false,
            "network_interface": [],
            "outpost_arn": "",
            "password_data": "",
            "placement_group": "",
            "placement_partition_number": 0,
            "primary_network_interface_id": "eni-0f39e0af726c06c00",
            "private_dns": "ip-10-0-0-56.us-west-2.compute.internal",
            "private_dns_name_options": [
              {
                "enable_resource_name_dns_a_record": false,
                "enable_resource_name_dns_aaaa_record": false,
                "hostname_type": "ip-name"
              }
            ],
            "private_ip": "10.0.0.56",
            "public_dns": "ec2-34-217-175-154.us-west-2.compute.amazonaws.com",
            "public_ip": "34.217.175.154",
            "root_block_device": [
              {
                "delete_on_termination": true,
                "device_name": "/dev/xvda",
                "encrypted": false,
                "iops": 3000,
                "kms_key_id": "",
                "tags": {},
                "throughput": 125,
                "volume_id": "vol-004e145effd165aec",
                "volume_size": 8,
                "volume_type": "gp3"
              }
            ],
            "secondary_private_ips": [],
            "security_groups": [],
            "source_dest_check": true,
            "subnet_id": "subnet-0c3f87ce3973607a0",
            "tags": {
              "Name": "WordPress Instance 2024-04-12"
            },
            "tags_all": {
              "Name": "WordPress Instance 2024-04-12"
            },
            "tenancy": "default",
            "timeouts": null,
            "user_data": "d22871c97591651ab339db3da5a10824f4997a8d",
            "user_data_base64": null,
            "user_data_replace_on_change": false,
            "volume_tags": null,
            "vpc_security_group_ids": [
              "sg-03abd844d0be146c6"
            ]
          },
          "sensitive_attributes": [],
          "private": "eyJlMmJmYjczMC1lY2FhLTExZTYtOGY4OC0zNDM2M2JjN2M0YzAiOnsiY3JlYXRlIjo2MDAwMDAwMDAwMDAsImRlbGV0ZSI6MTIwMDAwMDAwMDAwMCwidXBkYXRlIjo2MDAwMDAwMDAwMDB9LCJzY2hlbWFfdmVyc2lvbiI6IjEifQ==",
          "dependencies": [
            "aws_db_instance.mysql",
            "aws_db_subnet_group.private",
            "aws_security_group.rds_mysql",
            "aws_security_group.wordpress_sg",
            "aws_subnet.private",
            "aws_subnet.public",
            "aws_vpc.vpc",
            "data.aws_ami.amazon_linux",
            "data.aws_db_instance.mysql_data",
            "data.template_file.userdataEC"
          ]
        }
      ]
    },
    {
      "mode": "managed",
      "type": "aws_internet_gateway",
      "name": "igw",
      "provider": "provider[\"registry.terraform.io/hashicorp/aws\"]",
      "instances": [
        {
          "schema_version": 0,
          "attributes": {
            "arn": "arn:aws:ec2:us-west-2:381492010096:internet-gateway/igw-09a67d7f52689c8f5",
            "id": "igw-09a67d7f52689c8f5",
            "owner_id": "381492010096",
            "tags": {
              "Name": "igw 2024-04-12"
            },
            "tags_all": {
              "Name": "igw 2024-04-12"
            },
            "timeouts": null,
            "vpc_id": "vpc-04bb9f1f43e1a30c9"
          },
          "sensitive_attributes": [],
          "private": "eyJlMmJmYjczMC1lY2FhLTExZTYtOGY4OC0zNDM2M2JjN2M0YzAiOnsiY3JlYXRlIjoxMjAwMDAwMDAwMDAwLCJkZWxldGUiOjEyMDAwMDAwMDAwMDAsInVwZGF0ZSI6MTIwMDAwMDAwMDAwMH19",
          "dependencies": [
            "aws_vpc.vpc"
          ]
        }
      ]
    },
    {
      "mode": "managed",
      "type": "aws_launch_configuration",
      "name": "scaling_launch_config",
      "provider": "provider[\"registry.terraform.io/hashicorp/aws\"]",
      "instances": [
        {
          "schema_version": 0,
          "attributes": {
            "arn": "arn:aws:autoscaling:us-west-2:381492010096:launchConfiguration:8dcbae99-d29d-41ed-a9a9-6be591f4e977:launchConfigurationName/terraform-20240628103731032400000001",
            "associate_public_ip_address": false,
            "ebs_block_device": [],
            "ebs_optimized": false,
            "enable_monitoring": true,
            "ephemeral_block_device": [],
            "iam_instance_profile": "",
            "id": "terraform-20240628103731032400000001",
            "image_id": "ami-01572eda7c4411960",
            "instance_type": "t2.micro",
            "key_name": "wordpress",
            "metadata_options": [],
            "name": "terraform-20240628103731032400000001",
            "name_prefix": "terraform-",
            "placement_tenancy": "",
            "root_block_device": [],
            "security_groups": [
              "sg-03abd844d0be146c6"
            ],
            "spot_price": "",
            "user_data": null,
            "user_data_base64": null,
            "vpc_classic_link_id": "",
            "vpc_classic_link_security_groups": []
          },
          "sensitive_attributes": [],
          "private": "bnVsbA==",
          "dependencies": [
            "aws_security_group.wordpress_sg",
            "aws_vpc.vpc",
            "data.aws_ami.amazon_linux"
          ]
        }
      ]
    },
    {
      "mode": "managed",
      "type": "aws_launch_template",
      "name": "scaling_launch_template",
      "provider": "provider[\"registry.terraform.io/hashicorp/aws\"]",
      "instances": [
        {
          "schema_version": 0,
          "attributes": {
            "arn": "arn:aws:ec2:us-west-2:381492010096:launch-template/lt-0b546f0450a7156ec",
            "block_device_mappings": [],
            "capacity_reservation_specification": [],
            "cpu_options": [],
            "credit_specification": [],
            "default_version": 1,
            "description": "",
            "disable_api_stop": false,
            "disable_api_termination": false,
            "ebs_optimized": "",
            "elastic_gpu_specifications": [],
            "elastic_inference_accelerator": [],
            "enclave_options": [],
            "hibernation_options": [],
            "iam_instance_profile": [],
            "id": "lt-0b546f0450a7156ec",
            "image_id": "ami-01572eda7c4411960",
            "instance_initiated_shutdown_behavior": "",
            "instance_market_options": [],
            "instance_requirements": [],
            "instance_type": "t2.micro",
            "kernel_id": "",
            "key_name": "wordpress",
            "latest_version": 1,
            "license_specification": [],
            "maintenance_options": [],
            "metadata_options": [],
            "monitoring": [],
            "name": "scaling_launch_template20240629181857139600000002",
            "name_prefix": "scaling_launch_template",
            "network_interfaces": [],
            "placement": [],
            "private_dns_name_options": [],
            "ram_disk_id": "",
            "security_group_names": [],
            "tag_specifications": [
              {
                "resource_type": "instance",
                "tags": {
                  "Name": "WordPress Instance AS"
                }
              }
            ],
            "tags": {},
            "tags_all": {},
            "update_default_version": null,
            "user_data": "IyEgL2Jpbi9iYXNoCiMgIyBJbnN0YWxsIHVwZGF0ZXMKc3VkbyB5dW0gdXBkYXRlIC15CgojIENvbmZpZ3VyZSBBV1MgQ0xJIHdpdGggSUFNIHJvbGUgY3JlZGVudGlhbHMKYXdzIGNvbmZpZ3VyZSBzZXQgZGVmYXVsdC5yZWdpb24gdXMtd2VzdC0yCgpzdWRvIHl1bSBpbnN0YWxsIC15IHN0cmVzcy1uZwoKI0luc3RhbGwgaHR0cGQKc3VkbyB5dW0gaW5zdGFsbCAteSBodHRwZApzdWRvIHN5c3RlbWN0bCBzdGFydCBodHRwZApzdWRvIHN5c3RlbWN0bCBlbmFibGUgaHR0cGQKCiNJbnN0YWxsIG15c3FsCnN1ZG8geXVtIGluc3RhbGwgLXkgbXlzcWwKCiNJbnN0YWxsIFBIUApzdWRvIHl1bSBpbnN0YWxsIC15IHBocCAKc3VkbyBhbWF6b24tbGludXgtZXh0cmFzIGluc3RhbGwgCgoKIyBVcGRhdGUgYWxsIGluc3RhbGxlZCAKc3VkbyB5dW0gdXBkYXRlIC15CgojUmVzdGFydCBBcGFjaGUKc3VkbyBzeXN0ZW1jdGwgcmVzdGFydCBodHRwZAoKI0luc3RhbGwgV29yZHByZXNzCkRCUm9vdFBhc3N3b3JkPSdyb290cGFzc3dvcmQnCm15c3FsYWRtaW4gLXUgcm9vdCBwYXNzd29yZCAkREJSb290UGFzc3dvcmQKCiMgUmV0cmlldmUgUkRTIGVuZHBvaW50IGZyb20gVGVycmFmb3JtIG91dHB1dApEQk5hbWU9d29yZHByZXNzRGIKREJVc2VyPXByaXlhCkRCUGFzc3dvcmQ9ZGF0YTEyMzQ1ClJEU19FTkRQT0lOVD1yZHMtZGIuY2Jpb2k2ZXd3aThsLnVzLXdlc3QtMi5yZHMuYW1hem9uYXdzLmNvbQoKIyBDcmVhdGUgYSB0ZW1wb3JhcnkgZmlsZSB0byBzdG9yZSB0aGUgZGF0YWJhc2UgdmFsdWUKc3VkbyB0b3VjaCBkYi50eHQKc3VkbyBjaG1vZCA3NzcgZGIudHh0CnN1ZG8gZWNobyAiREFUQUJBU0UgJERCTmFtZTsiID4+IGRiLnR4dApzdWRvIGVjaG8gIlVTRVIgJERCVXNlcjsiID4+IGRiLnR4dApzdWRvIGVjaG8gIlBBU1NXT1JEICREQlBhc3N3b3JkOyIgPj4gZGIudHh0CnN1ZG8gZWNobyAiSE9TVCAkUkRTX0VORFBPSU5UOyIgPj4gZGIudHh0CgoKc3VkbyB5dW0gaW5zdGFsbCAteSB3Z2V0CnN1ZG8gd2dldCBodHRwOi8vd29yZHByZXNzLm9yZy9sYXRlc3QudGFyLmd6IC1QIC92YXIvd3d3L2h0bWwvCgpjZCAvdmFyL3d3dy9odG1sCnN1ZG8gdGFyIC16eHZmIGxhdGVzdC50YXIuZ3oKc3VkbyBjcCAtcnZmIHdvcmRwcmVzcy8qIC4KCnN1ZG8gcm0gLVIgd29yZHByZXNzCnN1ZG8gcm0gbGF0ZXN0LnRhci5negoKZWNobyAiVGVycmFmb3JtIG91dHB1dDoiCgojIENvcHkgd3AtY29uZmlnLnBocCBmaWxlIHRvIHdvcmRwcmVzcyBkaXJlY3RvcnkKc3VkbyBjcCAuL3dwLWNvbmZpZy1zYW1wbGUucGhwIC4vd3AtY29uZmlnLnBocApzdWRvIHNlZCAtaSAicy8nZGF0YWJhc2VfbmFtZV9oZXJlJy8nJERCTmFtZScvZyIgd3AtY29uZmlnLnBocApzdWRvIHNlZCAtaSAicy8ndXNlcm5hbWVfaGVyZScvJyREQlVzZXInL2ciIHdwLWNvbmZpZy5waHAKc3VkbyBzZWQgLWkgInMvJ3Bhc3N3b3JkX2hlcmUnLyckREJQYXNzd29yZCcvZyIgd3AtY29uZmlnLnBocApzdWRvIHNlZCAtaSAicy8nbG9jYWxob3N0Jy8nJFJEU19FTkRQT0lOVCcvZyIgd3AtY29uZmlnLnBocAoKc3VkbyBteXNxbCAtaCAiJFJEU19FTkRQT0lOVCIgLXUgIiREQlVzZXIiIC1wIiREQlBhc3N3b3JkIiAiJERCTmFtZSIgLWUgIlNIT1cgREFUQUJBU0VTOyIKCiNJbnN0YWxsIFBIUCBFeHRlbnNpb25zCnN1ZG8gYW1hem9uLWxpbnV4LWV4dHJhcyBlbmFibGUgcGhwNy40CnN1ZG8geXVtIGNsZWFuIG1ldGFkYXRhCnN1ZG8geXVtIGluc3RhbGwgLXkgcGhwLWNsaSBwaHAtcGRvIHBocC1mcG0gcGhwLWpzb24gcGhwLW15c3FsbmQKCiMgUmVzdGFydCBBcGFjaGUKc3VkbyBzeXN0ZW1jdGwgcmVzdGFydCBodHRwZAo=",
            "vpc_security_group_ids": [
              "sg-03abd844d0be146c6"
            ]
          },
          "sensitive_attributes": [],
          "private": "bnVsbA==",
          "dependencies": [
            "aws_db_instance.mysql",
            "aws_db_subnet_group.private",
            "aws_security_group.rds_mysql",
            "aws_security_group.wordpress_sg",
            "aws_subnet.private",
            "aws_vpc.vpc",
            "data.aws_ami.amazon_linux",
            "data.aws_db_instance.mysql_data",
            "data.template_file.userdataEC"
          ],
          "create_before_destroy": true
        }
      ]
    },
    {
      "mode": "managed",
      "type": "aws_lb",
      "name": "wordpress_alb",
      "provider": "provider[\"registry.terraform.io/hashicorp/aws\"]",
      "instances": [
        {
          "schema_version": 0,
          "attributes": {
            "access_logs": [
              {
                "bucket": "",
                "enabled": false,
                "prefix": ""
              }
            ],
            "arn": "arn:aws:elasticloadbalancing:us-west-2:381492010096:loadbalancer/app/wordpress-alb/7cda4f7708a90406",
            "arn_suffix": "app/wordpress-alb/7cda4f7708a90406",
            "customer_owned_ipv4_pool": "",
            "desync_mitigation_mode": "defensive",
            "dns_name": "wordpress-alb-1144601958.us-west-2.elb.amazonaws.com",
            "drop_invalid_header_fields": false,
            "enable_cross_zone_load_balancing": true,
            "enable_deletion_protection": false,
            "enable_http2": true,
            "enable_tls_version_and_cipher_suite_headers": false,
            "enable_waf_fail_open": false,
            "enable_xff_client_port": false,
            "id": "arn:aws:elasticloadbalancing:us-west-2:381492010096:loadbalancer/app/wordpress-alb/7cda4f7708a90406",
            "idle_timeout": 60,
            "internal": false,
            "ip_address_type": "ipv4",
            "load_balancer_type": "application",
            "name": "wordpress-alb",
            "name_prefix": null,
            "preserve_host_header": false,
            "security_groups": [
              "sg-03abd844d0be146c6"
            ],
            "subnet_mapping": [
              {
                "allocation_id": "",
                "ipv6_address": "",
                "outpost_id": "",
                "private_ipv4_address": "",
                "subnet_id": "subnet-07d32cf5f2738e32c"
              },
              {
                "allocation_id": "",
                "ipv6_address": "",
                "outpost_id": "",
                "private_ipv4_address": "",
                "subnet_id": "subnet-0c3f87ce3973607a0"
              }
            ],
            "subnets": [
              "subnet-07d32cf5f2738e32c",
              "subnet-0c3f87ce3973607a0"
            ],
            "tags": {
              "Name": "wordpress_alb 2024-04-12"
            },
            "tags_all": {
              "Name": "wordpress_alb 2024-04-12"
            },
            "timeouts": null,
            "vpc_id": "vpc-04bb9f1f43e1a30c9",
            "xff_header_processing_mode": "append",
            "zone_id": "Z1H1FL5HABSF5"
          },
          "sensitive_attributes": [],
          "private": "eyJlMmJmYjczMC1lY2FhLTExZTYtOGY4OC0zNDM2M2JjN2M0YzAiOnsiY3JlYXRlIjo2MDAwMDAwMDAwMDAsImRlbGV0ZSI6NjAwMDAwMDAwMDAwLCJ1cGRhdGUiOjYwMDAwMDAwMDAwMH19",
          "dependencies": [
            "aws_security_group.wordpress_sg",
            "aws_subnet.public",
            "aws_vpc.vpc"
          ]
        }
      ]
    },
    {
      "mode": "managed",
      "type": "aws_lb_listener",
      "name": "wordpress_listener",
      "provider": "provider[\"registry.terraform.io/hashicorp/aws\"]",
      "instances": [
        {
          "schema_version": 0,
          "attributes": {
            "alpn_policy": null,
            "arn": "arn:aws:elasticloadbalancing:us-west-2:381492010096:listener/app/wordpress-alb/7cda4f7708a90406/a1b3e37238a7084e",
            "certificate_arn": null,
            "default_action": [
              {
                "authenticate_cognito": [],
                "authenticate_oidc": [],
                "fixed_response": [],
                "forward": [],
                "order": 1,
                "redirect": [],
                "target_group_arn": "arn:aws:elasticloadbalancing:us-west-2:381492010096:targetgroup/wordpress-target-group/a109d806c49f8d2f",
                "type": "forward"
              }
            ],
            "id": "arn:aws:elasticloadbalancing:us-west-2:381492010096:listener/app/wordpress-alb/7cda4f7708a90406/a1b3e37238a7084e",
            "load_balancer_arn": "arn:aws:elasticloadbalancing:us-west-2:381492010096:loadbalancer/app/wordpress-alb/7cda4f7708a90406",
            "port": 80,
            "protocol": "HTTP",
            "ssl_policy": "",
            "tags": {},
            "tags_all": {},
            "timeouts": null
          },
          "sensitive_attributes": [],
          "private": "eyJlMmJmYjczMC1lY2FhLTExZTYtOGY4OC0zNDM2M2JjN2M0YzAiOnsicmVhZCI6NjAwMDAwMDAwMDAwfX0=",
          "dependencies": [
            "aws_lb.wordpress_alb",
            "aws_lb_target_group.Wordpress_target_group",
            "aws_security_group.wordpress_sg",
            "aws_subnet.public",
            "aws_vpc.vpc"
          ]
        }
      ]
    },
    {
      "mode": "managed",
      "type": "aws_lb_target_group",
      "name": "Wordpress_target_group",
      "provider": "provider[\"registry.terraform.io/hashicorp/aws\"]",
      "instances": [
        {
          "schema_version": 0,
          "attributes": {
            "arn": "arn:aws:elasticloadbalancing:us-west-2:381492010096:targetgroup/wordpress-target-group/a109d806c49f8d2f",
            "arn_suffix": "targetgroup/wordpress-target-group/a109d806c49f8d2f",
            "connection_termination": false,
            "deregistration_delay": "300",
            "health_check": [
              {
                "enabled": true,
                "healthy_threshold": 5,
                "interval": 30,
                "matcher": "200",
                "path": "/",
                "port": "traffic-port",
                "protocol": "HTTP",
                "timeout": 5,
                "unhealthy_threshold": 2
              }
            ],
            "id": "arn:aws:elasticloadbalancing:us-west-2:381492010096:targetgroup/wordpress-target-group/a109d806c49f8d2f",
            "ip_address_type": "ipv4",
            "lambda_multi_value_headers_enabled": false,
            "load_balancing_algorithm_type": "round_robin",
            "load_balancing_cross_zone_enabled": "use_load_balancer_configuration",
            "name": "wordpress-target-group",
            "name_prefix": null,
            "port": 80,
            "preserve_client_ip": null,
            "protocol": "HTTP",
            "protocol_version": "HTTP1",
            "proxy_protocol_v2": false,
            "slow_start": 0,
            "stickiness": [
              {
                "cookie_duration": 86400,
                "cookie_name": "",
                "enabled": false,
                "type": "lb_cookie"
              }
            ],
            "tags": {
              "Name": "wordpress-target-group 2024-04-12"
            },
            "tags_all": {
              "Name": "wordpress-target-group 2024-04-12"
            },
            "target_failover": [
              {
                "on_deregistration": null,
                "on_unhealthy": null
              }
            ],
            "target_type": "instance",
            "vpc_id": "vpc-04bb9f1f43e1a30c9"
          },
          "sensitive_attributes": [],
          "private": "bnVsbA==",
          "dependencies": [
            "aws_vpc.vpc"
          ]
        }
      ]
    },
    {
      "mode": "managed",
      "type": "aws_lb_target_group_attachment",
      "name": "wordpress_target_group_attachment",
      "provider": "provider[\"registry.terraform.io/hashicorp/aws\"]",
      "instances": [
        {
          "schema_version": 0,
          "attributes": {
            "availability_zone": null,
            "id": "arn:aws:elasticloadbalancing:us-west-2:381492010096:targetgroup/wordpress-target-group/a109d806c49f8d2f-20240629181942817800000004",
            "port": 80,
            "target_group_arn": "arn:aws:elasticloadbalancing:us-west-2:381492010096:targetgroup/wordpress-target-group/a109d806c49f8d2f",
            "target_id": "i-04a20893e84f95cef"
          },
          "sensitive_attributes": [],
          "private": "bnVsbA==",
          "dependencies": [
            "aws_db_instance.mysql",
            "aws_db_subnet_group.private",
            "aws_instance.wordpress_instance",
            "aws_lb_target_group.Wordpress_target_group",
            "aws_security_group.rds_mysql",
            "aws_security_group.wordpress_sg",
            "aws_subnet.private",
            "aws_subnet.public",
            "aws_vpc.vpc",
            "data.aws_ami.amazon_linux",
            "data.aws_db_instance.mysql_data",
            "data.template_file.userdataEC"
          ]
        }
      ]
    },
    {
      "mode": "managed",
      "type": "aws_route_table",
      "name": "private",
      "provider": "provider[\"registry.terraform.io/hashicorp/aws\"]",
      "instances": [
        {
          "index_key": 0,
          "schema_version": 0,
          "attributes": {
            "arn": "arn:aws:ec2:us-west-2:381492010096:route-table/rtb-08b6c838281bb4396",
            "id": "rtb-08b6c838281bb4396",
            "owner_id": "381492010096",
            "propagating_vgws": [],
            "route": [],
            "tags": {
              "Name": "Private_Route_Table 2024-04-12_1"
            },
            "tags_all": {
              "Name": "Private_Route_Table 2024-04-12_1"
            },
            "timeouts": null,
            "vpc_id": "vpc-04bb9f1f43e1a30c9"
          },
          "sensitive_attributes": [],
          "private": "eyJlMmJmYjczMC1lY2FhLTExZTYtOGY4OC0zNDM2M2JjN2M0YzAiOnsiY3JlYXRlIjozMDAwMDAwMDAwMDAsImRlbGV0ZSI6MzAwMDAwMDAwMDAwLCJ1cGRhdGUiOjEyMDAwMDAwMDAwMH19",
          "dependencies": [
            "aws_vpc.vpc"
          ]
        },
        {
          "index_key": 1,
          "schema_version": 0,
          "attributes": {
            "arn": "arn:aws:ec2:us-west-2:381492010096:route-table/rtb-05d977d43502d8474",
            "id": "rtb-05d977d43502d8474",
            "owner_id": "381492010096",
            "propagating_vgws": [],
            "route": [],
            "tags": {
              "Name": "Private_Route_Table 2024-04-12_2"
            },
            "tags_all": {
              "Name": "Private_Route_Table 2024-04-12_2"
            },
            "timeouts": null,
            "vpc_id": "vpc-04bb9f1f43e1a30c9"
          },
          "sensitive_attributes": [],
          "private": "eyJlMmJmYjczMC1lY2FhLTExZTYtOGY4OC0zNDM2M2JjN2M0YzAiOnsiY3JlYXRlIjozMDAwMDAwMDAwMDAsImRlbGV0ZSI6MzAwMDAwMDAwMDAwLCJ1cGRhdGUiOjEyMDAwMDAwMDAwMH19",
          "dependencies": [
            "aws_vpc.vpc"
          ]
        }
      ]
    },
    {
      "mode": "managed",
      "type": "aws_route_table",
      "name": "public",
      "provider": "provider[\"registry.terraform.io/hashicorp/aws\"]",
      "instances": [
        {
          "schema_version": 0,
          "attributes": {
            "arn": "arn:aws:ec2:us-west-2:381492010096:route-table/rtb-0622edd566f4e8b5f",
            "id": "rtb-0622edd566f4e8b5f",
            "owner_id": "381492010096",
            "propagating_vgws": [],
            "route": [
              {
                "carrier_gateway_id": "",
                "cidr_block": "0.0.0.0/0",
                "core_network_arn": "",
                "destination_prefix_list_id": "",
                "egress_only_gateway_id": "",
                "gateway_id": "igw-09a67d7f52689c8f5",
                "instance_id": "",
                "ipv6_cidr_block": "",
                "local_gateway_id": "",
                "nat_gateway_id": "",
                "network_interface_id": "",
                "transit_gateway_id": "",
                "vpc_endpoint_id": "",
                "vpc_peering_connection_id": ""
              }
            ],
            "tags": {
              "Name": "Public_Route_Table 2024-04-12"
            },
            "tags_all": {
              "Name": "Public_Route_Table 2024-04-12"
            },
            "timeouts": null,
            "vpc_id": "vpc-04bb9f1f43e1a30c9"
          },
          "sensitive_attributes": [],
          "private": "eyJlMmJmYjczMC1lY2FhLTExZTYtOGY4OC0zNDM2M2JjN2M0YzAiOnsiY3JlYXRlIjozMDAwMDAwMDAwMDAsImRlbGV0ZSI6MzAwMDAwMDAwMDAwLCJ1cGRhdGUiOjEyMDAwMDAwMDAwMH19",
          "dependencies": [
            "aws_internet_gateway.igw",
            "aws_vpc.vpc"
          ]
        }
      ]
    },
    {
      "mode": "managed",
      "type": "aws_route_table_association",
      "name": "private_assoc",
      "provider": "provider[\"registry.terraform.io/hashicorp/aws\"]",
      "instances": [
        {
          "index_key": 0,
          "schema_version": 0,
          "attributes": {
            "gateway_id": "",
            "id": "rtbassoc-09652edf0687eda2e",
            "route_table_id": "rtb-08b6c838281bb4396",
            "subnet_id": "subnet-0bb0c6fb6cd2372eb",
            "timeouts": null
          },
          "sensitive_attributes": [],
          "private": "eyJlMmJmYjczMC1lY2FhLTExZTYtOGY4OC0zNDM2M2JjN2M0YzAiOnsiY3JlYXRlIjozMDAwMDAwMDAwMDAsImRlbGV0ZSI6MzAwMDAwMDAwMDAwLCJ1cGRhdGUiOjEyMDAwMDAwMDAwMH19",
          "dependencies": [
            "aws_route_table.private",
            "aws_subnet.private",
            "aws_vpc.vpc"
          ]
        },
        {
          "index_key": 1,
          "schema_version": 0,
          "attributes": {
            "gateway_id": "",
            "id": "rtbassoc-0ce0de8d4d6349463",
            "route_table_id": "rtb-05d977d43502d8474",
            "subnet_id": "subnet-008bca04bfc28307e",
            "timeouts": null
          },
          "sensitive_attributes": [],
          "private": "eyJlMmJmYjczMC1lY2FhLTExZTYtOGY4OC0zNDM2M2JjN2M0YzAiOnsiY3JlYXRlIjozMDAwMDAwMDAwMDAsImRlbGV0ZSI6MzAwMDAwMDAwMDAwLCJ1cGRhdGUiOjEyMDAwMDAwMDAwMH19",
          "dependencies": [
            "aws_route_table.private",
            "aws_subnet.private",
            "aws_vpc.vpc"
          ]
        }
      ]
    },
    {
      "mode": "managed",
      "type": "aws_route_table_association",
      "name": "public_assoc",
      "provider": "provider[\"registry.terraform.io/hashicorp/aws\"]",
      "instances": [
        {
          "index_key": 0,
          "schema_version": 0,
          "attributes": {
            "gateway_id": "",
            "id": "rtbassoc-06cf235dc6256a8c4",
            "route_table_id": "rtb-0622edd566f4e8b5f",
            "subnet_id": "subnet-0c3f87ce3973607a0",
            "timeouts": null
          },
          "sensitive_attributes": [],
          "private": "eyJlMmJmYjczMC1lY2FhLTExZTYtOGY4OC0zNDM2M2JjN2M0YzAiOnsiY3JlYXRlIjozMDAwMDAwMDAwMDAsImRlbGV0ZSI6MzAwMDAwMDAwMDAwLCJ1cGRhdGUiOjEyMDAwMDAwMDAwMH19",
          "dependencies": [
            "aws_internet_gateway.igw",
            "aws_route_table.public",
            "aws_subnet.public",
            "aws_vpc.vpc"
          ]
        },
        {
          "index_key": 1,
          "schema_version": 0,
          "attributes": {
            "gateway_id": "",
            "id": "rtbassoc-01b40390893a2a433",
            "route_table_id": "rtb-0622edd566f4e8b5f",
            "subnet_id": "subnet-07d32cf5f2738e32c",
            "timeouts": null
          },
          "sensitive_attributes": [],
          "private": "eyJlMmJmYjczMC1lY2FhLTExZTYtOGY4OC0zNDM2M2JjN2M0YzAiOnsiY3JlYXRlIjozMDAwMDAwMDAwMDAsImRlbGV0ZSI6MzAwMDAwMDAwMDAwLCJ1cGRhdGUiOjEyMDAwMDAwMDAwMH19",
          "dependencies": [
            "aws_internet_gateway.igw",
            "aws_route_table.public",
            "aws_subnet.public",
            "aws_vpc.vpc"
          ]
        }
      ]
    },
    {
      "mode": "managed",
      "type": "aws_s3_bucket",
      "name": "wordpress",
      "provider": "provider[\"registry.terraform.io/hashicorp/aws\"]",
      "instances": [
        {
          "schema_version": 0,
          "attributes": {
            "acceleration_status": "",
            "acl": null,
            "arn": "arn:aws:s3:::s3-bucket-2024-04-12-2973",
            "bucket": "s3-bucket-2024-04-12-2973",
            "bucket_domain_name": "s3-bucket-2024-04-12-2973.s3.amazonaws.com",
            "bucket_prefix": "",
            "bucket_regional_domain_name": "s3-bucket-2024-04-12-2973.s3.us-west-2.amazonaws.com",
            "cors_rule": [],
            "force_destroy": false,
            "grant": [
              {
                "id": "ea349293933ccb3d7fab5d6ef8d3e1e3e0e5e6e67fd680c6188a7e5410aad512",
                "permissions": [
                  "FULL_CONTROL"
                ],
                "type": "CanonicalUser",
                "uri": ""
              }
            ],
            "hosted_zone_id": "Z3BJ6K6RIION7M",
            "id": "s3-bucket-2024-04-12-2973",
            "lifecycle_rule": [],
            "logging": [],
            "object_lock_configuration": [],
            "object_lock_enabled": false,
            "policy": "",
            "region": "us-west-2",
            "replication_configuration": [],
            "request_payer": "BucketOwner",
            "server_side_encryption_configuration": [
              {
                "rule": [
                  {
                    "apply_server_side_encryption_by_default": [
                      {
                        "kms_master_key_id": "",
                        "sse_algorithm": "AES256"
                      }
                    ],
                    "bucket_key_enabled": false
                  }
                ]
              }
            ],
            "tags": {
              "Name": "s3-bucket_2024-04-12"
            },
            "tags_all": {
              "Name": "s3-bucket_2024-04-12"
            },
            "timeouts": null,
            "versioning": [
              {
                "enabled": true,
                "mfa_delete": false
              }
            ],
            "website": [],
            "website_domain": null,
            "website_endpoint": null
          },
          "sensitive_attributes": [],
          "private": "eyJlMmJmYjczMC1lY2FhLTExZTYtOGY4OC0zNDM2M2JjN2M0YzAiOnsiY3JlYXRlIjoxMjAwMDAwMDAwMDAwLCJkZWxldGUiOjM2MDAwMDAwMDAwMDAsInJlYWQiOjEyMDAwMDAwMDAwMDAsInVwZGF0ZSI6MTIwMDAwMDAwMDAwMH19"
        }
      ]
    },
    {
      "mode": "managed",
      "type": "aws_s3_bucket_versioning",
      "name": "versioningS3",
      "provider": "provider[\"registry.terraform.io/hashicorp/aws\"]",
      "instances": [
        {
          "schema_version": 0,
          "attributes": {
            "bucket": "s3-bucket-2024-04-12-2973",
            "expected_bucket_owner": "",
            "id": "s3-bucket-2024-04-12-2973",
            "mfa": null,
            "versioning_configuration": [
              {
                "mfa_delete": "",
                "status": "Enabled"
              }
            ]
          },
          "sensitive_attributes": [],
          "private": "bnVsbA==",
          "dependencies": [
            "aws_s3_bucket.wordpress"
          ]
        }
      ]
    },
    {
      "mode": "managed",
      "type": "aws_security_group",
      "name": "rds_mysql",
      "provider": "provider[\"registry.terraform.io/hashicorp/aws\"]",
      "instances": [
        {
          "schema_version": 1,
          "attributes": {
            "arn": "arn:aws:ec2:us-west-2:381492010096:security-group/sg-0b21396fa8de3122a",
            "description": "Security group for RDS database",
            "egress": [
              {
                "cidr_blocks": [
                  "0.0.0.0/0"
                ],
                "description": "",
                "from_port": 0,
                "ipv6_cidr_blocks": [],
                "prefix_list_ids": [],
                "protocol": "-1",
                "security_groups": [],
                "self": false,
                "to_port": 0
              }
            ],
            "id": "sg-0b21396fa8de3122a",
            "ingress": [
              {
                "cidr_blocks": [
                  "0.0.0.0/0"
                ],
                "description": "",
                "from_port": 3306,
                "ipv6_cidr_blocks": [],
                "prefix_list_ids": [],
                "protocol": "tcp",
                "security_groups": [],
                "self": false,
                "to_port": 3306
              }
            ],
            "name": "rds_mysql_sg",
            "name_prefix": "",
            "owner_id": "381492010096",
            "revoke_rules_on_delete": false,
            "tags": {
              "Name": "rds_mysql 2024-04-12"
            },
            "tags_all": {
              "Name": "rds_mysql 2024-04-12"
            },
            "timeouts": null,
            "vpc_id": "vpc-04bb9f1f43e1a30c9"
          },
          "sensitive_attributes": [],
          "private": "eyJlMmJmYjczMC1lY2FhLTExZTYtOGY4OC0zNDM2M2JjN2M0YzAiOnsiY3JlYXRlIjo2MDAwMDAwMDAwMDAsImRlbGV0ZSI6OTAwMDAwMDAwMDAwfSwic2NoZW1hX3ZlcnNpb24iOiIxIn0=",
          "dependencies": [
            "aws_vpc.vpc"
          ],
          "create_before_destroy": true
        }
      ]
    },
    {
      "mode": "managed",
      "type": "aws_security_group",
      "name": "wordpress_sg",
      "provider": "provider[\"registry.terraform.io/hashicorp/aws\"]",
      "instances": [
        {
          "schema_version": 1,
          "attributes": {
            "arn": "arn:aws:ec2:us-west-2:381492010096:security-group/sg-03abd844d0be146c6",
            "description": "Security group for WordPress instance",
            "egress": [
              {
                "cidr_blocks": [
                  "0.0.0.0/0"
                ],
                "description": "All traffic",
                "from_port": 0,
                "ipv6_cidr_blocks": [],
                "prefix_list_ids": [],
                "protocol": "-1",
                "security_groups": [],
                "self": false,
                "to_port": 0
              }
            ],
            "id": "sg-03abd844d0be146c6",
            "ingress": [
              {
                "cidr_blocks": [
                  "0.0.0.0/0"
                ],
                "description": "HTTP",
                "from_port": 80,
                "ipv6_cidr_blocks": [],
                "prefix_list_ids": [],
                "protocol": "tcp",
                "security_groups": [],
                "self": false,
                "to_port": 80
              },
              {
                "cidr_blocks": [
                  "0.0.0.0/0"
                ],
                "description": "SSH",
                "from_port": 22,
                "ipv6_cidr_blocks": [],
                "prefix_list_ids": [],
                "protocol": "tcp",
                "security_groups": [],
                "self": false,
                "to_port": 22
              }
            ],
            "name": "wordpress_sg",
            "name_prefix": "",
            "owner_id": "381492010096",
            "revoke_rules_on_delete": false,
            "tags": {
              "Name": "wordpress_sg 2024-04-12"
            },
            "tags_all": {
              "Name": "wordpress_sg 2024-04-12"
            },
            "timeouts": null,
            "vpc_id": "vpc-04bb9f1f43e1a30c9"
          },
          "sensitive_attributes": [],
          "private": "eyJlMmJmYjczMC1lY2FhLTExZTYtOGY4OC0zNDM2M2JjN2M0YzAiOnsiY3JlYXRlIjo2MDAwMDAwMDAwMDAsImRlbGV0ZSI6OTAwMDAwMDAwMDAwfSwic2NoZW1hX3ZlcnNpb24iOiIxIn0=",
          "dependencies": [
            "aws_vpc.vpc"
          ],
          "create_before_destroy": true
        }
      ]
    },
    {
      "mode": "managed",
      "type": "aws_sns_topic",
      "name": "sns_topic",
      "provider": "provider[\"registry.terraform.io/hashicorp/aws\"]",
      "instances": [
        {
          "schema_version": 0,
          "attributes": {
            "application_failure_feedback_role_arn": "",
            "application_success_feedback_role_arn": "",
            "application_success_feedback_sample_rate": 0,
            "arn": "arn:aws:sns:us-west-2:381492010096:sns_topic",
            "content_based_deduplication": false,
            "delivery_policy": "",
            "display_name": "",
            "fifo_topic": false,
            "firehose_failure_feedback_role_arn": "",
            "firehose_success_feedback_role_arn": "",
            "firehose_success_feedback_sample_rate": 0,
            "http_failure_feedback_role_arn": "",
            "http_success_feedback_role_arn": "",
            "http_success_feedback_sample_rate": 0,
            "id": "arn:aws:sns:us-west-2:381492010096:sns_topic",
            "kms_master_key_id": "",
            "lambda_failure_feedback_role_arn": "",
            "lambda_success_feedback_role_arn": "",
            "lambda_success_feedback_sample_rate": 0,
            "name": "sns_topic",
            "name_prefix": "",
            "owner": "381492010096",
            "policy": "{\"Id\":\"__default_policy_ID\",\"Statement\":[{\"Action\":[\"SNS:GetTopicAttributes\",\"SNS:SetTopicAttributes\",\"SNS:AddPermission\",\"SNS:RemovePermission\",\"SNS:DeleteTopic\",\"SNS:Subscribe\",\"SNS:ListSubscriptionsByTopic\",\"SNS:Publish\"],\"Condition\":{\"StringEquals\":{\"AWS:SourceOwner\":\"381492010096\"}},\"Effect\":\"Allow\",\"Principal\":{\"AWS\":\"*\"},\"Resource\":\"arn:aws:sns:us-west-2:381492010096:sns_topic\",\"Sid\":\"__default_statement_ID\"}],\"Version\":\"2008-10-17\"}",
            "signature_version": 0,
            "sqs_failure_feedback_role_arn": "",
            "sqs_success_feedback_role_arn": "",
            "sqs_success_feedback_sample_rate": 0,
            "tags": {},
            "tags_all": {},
            "tracing_config": ""
          },
          "sensitive_attributes": [],
          "private": "bnVsbA=="
        }
      ]
    },
    {
      "mode": "managed",
      "type": "aws_sns_topic_subscription",
      "name": "email_subscription",
      "provider": "provider[\"registry.terraform.io/hashicorp/aws\"]",
      "instances": [
        {
          "schema_version": 0,
          "attributes": {
            "arn": "arn:aws:sns:us-west-2:381492010096:sns_topic:3a320fd0-ec36-4da3-9b8c-7e0cb6434517",
            "confirmation_timeout_in_minutes": 1,
            "confirmation_was_authenticated": false,
            "delivery_policy": "",
            "endpoint": "d.dey@reply.de",
            "endpoint_auto_confirms": true,
            "filter_policy": "",
            "filter_policy_scope": "",
            "id": "arn:aws:sns:us-west-2:381492010096:sns_topic:3a320fd0-ec36-4da3-9b8c-7e0cb6434517",
            "owner_id": "381492010096",
            "pending_confirmation": false,
            "protocol": "email",
            "raw_message_delivery": false,
            "redrive_policy": "",
            "subscription_role_arn": "",
            "topic_arn": "arn:aws:sns:us-west-2:381492010096:sns_topic"
          },
          "sensitive_attributes": [],
          "private": "bnVsbA==",
          "dependencies": [
            "aws_sns_topic.sns_topic"
          ]
        }
      ]
    },
    {
      "mode": "managed",
      "type": "aws_subnet",
      "name": "private",
      "provider": "provider[\"registry.terraform.io/hashicorp/aws\"]",
      "instances": [
        {
          "index_key": 0,
          "schema_version": 1,
          "attributes": {
            "arn": "arn:aws:ec2:us-west-2:381492010096:subnet/subnet-0bb0c6fb6cd2372eb",
            "assign_ipv6_address_on_creation": false,
            "availability_zone": "us-west-2a",
            "availability_zone_id": "usw2-az1",
            "cidr_block": "10.0.0.128/26",
            "customer_owned_ipv4_pool": "",
            "enable_dns64": false,
            "enable_lni_at_device_index": 0,
            "enable_resource_name_dns_a_record_on_launch": false,
            "enable_resource_name_dns_aaaa_record_on_launch": false,
            "id": "subnet-0bb0c6fb6cd2372eb",
            "ipv6_cidr_block": "",
            "ipv6_cidr_block_association_id": "",
            "ipv6_native": false,
            "map_customer_owned_ip_on_launch": false,
            "map_public_ip_on_launch": false,
            "outpost_arn": "",
            "owner_id": "381492010096",
            "private_dns_hostname_type_on_launch": "ip-name",
            "tags": {
              "Name": "Private_Subnet 2024-04-12_1"
            },
            "tags_all": {
              "Name": "Private_Subnet 2024-04-12_1"
            },
            "timeouts": null,
            "vpc_id": "vpc-04bb9f1f43e1a30c9"
          },
          "sensitive_attributes": [],
          "private": "eyJlMmJmYjczMC1lY2FhLTExZTYtOGY4OC0zNDM2M2JjN2M0YzAiOnsiY3JlYXRlIjo2MDAwMDAwMDAwMDAsImRlbGV0ZSI6MTIwMDAwMDAwMDAwMH0sInNjaGVtYV92ZXJzaW9uIjoiMSJ9",
          "dependencies": [
            "aws_vpc.vpc"
          ],
          "create_before_destroy": true
        },
        {
          "index_key": 1,
          "schema_version": 1,
          "attributes": {
            "arn": "arn:aws:ec2:us-west-2:381492010096:subnet/subnet-008bca04bfc28307e",
            "assign_ipv6_address_on_creation": false,
            "availability_zone": "us-west-2b",
            "availability_zone_id": "usw2-az2",
            "cidr_block": "10.0.0.192/26",
            "customer_owned_ipv4_pool": "",
            "enable_dns64": false,
            "enable_lni_at_device_index": 0,
            "enable_resource_name_dns_a_record_on_launch": false,
            "enable_resource_name_dns_aaaa_record_on_launch": false,
            "id": "subnet-008bca04bfc28307e",
            "ipv6_cidr_block": "",
            "ipv6_cidr_block_association_id": "",
            "ipv6_native": false,
            "map_customer_owned_ip_on_launch": false,
            "map_public_ip_on_launch": false,
            "outpost_arn": "",
            "owner_id": "381492010096",
            "private_dns_hostname_type_on_launch": "ip-name",
            "tags": {
              "Name": "Private_Subnet 2024-04-12_2"
            },
            "tags_all": {
              "Name": "Private_Subnet 2024-04-12_2"
            },
            "timeouts": null,
            "vpc_id": "vpc-04bb9f1f43e1a30c9"
          },
          "sensitive_attributes": [],
          "private": "eyJlMmJmYjczMC1lY2FhLTExZTYtOGY4OC0zNDM2M2JjN2M0YzAiOnsiY3JlYXRlIjo2MDAwMDAwMDAwMDAsImRlbGV0ZSI6MTIwMDAwMDAwMDAwMH0sInNjaGVtYV92ZXJzaW9uIjoiMSJ9",
          "dependencies": [
            "aws_vpc.vpc"
          ],
          "create_before_destroy": true
        }
      ]
    },
    {
      "mode": "managed",
      "type": "aws_subnet",
      "name": "public",
      "provider": "provider[\"registry.terraform.io/hashicorp/aws\"]",
      "instances": [
        {
          "index_key": 0,
          "schema_version": 1,
          "attributes": {
            "arn": "arn:aws:ec2:us-west-2:381492010096:subnet/subnet-0c3f87ce3973607a0",
            "assign_ipv6_address_on_creation": false,
            "availability_zone": "us-west-2a",
            "availability_zone_id": "usw2-az1",
            "cidr_block": "10.0.0.0/26",
            "customer_owned_ipv4_pool": "",
            "enable_dns64": false,
            "enable_lni_at_device_index": 0,
            "enable_resource_name_dns_a_record_on_launch": false,
            "enable_resource_name_dns_aaaa_record_on_launch": false,
            "id": "subnet-0c3f87ce3973607a0",
            "ipv6_cidr_block": "",
            "ipv6_cidr_block_association_id": "",
            "ipv6_native": false,
            "map_customer_owned_ip_on_launch": false,
            "map_public_ip_on_launch": true,
            "outpost_arn": "",
            "owner_id": "381492010096",
            "private_dns_hostname_type_on_launch": "ip-name",
            "tags": {
              "Name": "Public_Subnet 2024-04-12_1"
            },
            "tags_all": {
              "Name": "Public_Subnet 2024-04-12_1"
            },
            "timeouts": null,
            "vpc_id": "vpc-04bb9f1f43e1a30c9"
          },
          "sensitive_attributes": [],
          "private": "eyJlMmJmYjczMC1lY2FhLTExZTYtOGY4OC0zNDM2M2JjN2M0YzAiOnsiY3JlYXRlIjo2MDAwMDAwMDAwMDAsImRlbGV0ZSI6MTIwMDAwMDAwMDAwMH0sInNjaGVtYV92ZXJzaW9uIjoiMSJ9",
          "dependencies": [
            "aws_vpc.vpc"
          ]
        },
        {
          "index_key": 1,
          "schema_version": 1,
          "attributes": {
            "arn": "arn:aws:ec2:us-west-2:381492010096:subnet/subnet-07d32cf5f2738e32c",
            "assign_ipv6_address_on_creation": false,
            "availability_zone": "us-west-2b",
            "availability_zone_id": "usw2-az2",
            "cidr_block": "10.0.0.64/26",
            "customer_owned_ipv4_pool": "",
            "enable_dns64": false,
            "enable_lni_at_device_index": 0,
            "enable_resource_name_dns_a_record_on_launch": false,
            "enable_resource_name_dns_aaaa_record_on_launch": false,
            "id": "subnet-07d32cf5f2738e32c",
            "ipv6_cidr_block": "",
            "ipv6_cidr_block_association_id": "",
            "ipv6_native": false,
            "map_customer_owned_ip_on_launch": false,
            "map_public_ip_on_launch": true,
            "outpost_arn": "",
            "owner_id": "381492010096",
            "private_dns_hostname_type_on_launch": "ip-name",
            "tags": {
              "Name": "Public_Subnet 2024-04-12_2"
            },
            "tags_all": {
              "Name": "Public_Subnet 2024-04-12_2"
            },
            "timeouts": null,
            "vpc_id": "vpc-04bb9f1f43e1a30c9"
          },
          "sensitive_attributes": [],
          "private": "eyJlMmJmYjczMC1lY2FhLTExZTYtOGY4OC0zNDM2M2JjN2M0YzAiOnsiY3JlYXRlIjo2MDAwMDAwMDAwMDAsImRlbGV0ZSI6MTIwMDAwMDAwMDAwMH0sInNjaGVtYV92ZXJzaW9uIjoiMSJ9",
          "dependencies": [
            "aws_vpc.vpc"
          ]
        }
      ]
    },
    {
      "mode": "managed",
      "type": "aws_vpc",
      "name": "vpc",
      "provider": "provider[\"registry.terraform.io/hashicorp/aws\"]",
      "instances": [
        {
          "schema_version": 1,
          "attributes": {
            "arn": "arn:aws:ec2:us-west-2:381492010096:vpc/vpc-04bb9f1f43e1a30c9",
            "assign_generated_ipv6_cidr_block": false,
            "cidr_block": "10.0.0.0/24",
            "default_network_acl_id": "acl-03f696ac1392ec863",
            "default_route_table_id": "rtb-0b20b6fcef397ae85",
            "default_security_group_id": "sg-0db012451bace1b3b",
            "dhcp_options_id": "dopt-0ce2a80c4892340cf",
            "enable_classiclink": false,
            "enable_classiclink_dns_support": false,
            "enable_dns_hostnames": true,
            "enable_dns_support": true,
            "enable_network_address_usage_metrics": false,
            "id": "vpc-04bb9f1f43e1a30c9",
            "instance_tenancy": "default",
            "ipv4_ipam_pool_id": null,
            "ipv4_netmask_length": null,
            "ipv6_association_id": "",
            "ipv6_cidr_block": "",
            "ipv6_cidr_block_network_border_group": "",
            "ipv6_ipam_pool_id": "",
            "ipv6_netmask_length": 0,
            "main_route_table_id": "rtb-0b20b6fcef397ae85",
            "owner_id": "381492010096",
            "tags": {
              "Name": "vpc 2024-04-12"
            },
            "tags_all": {
              "Name": "vpc 2024-04-12"
            }
          },
          "sensitive_attributes": [],
          "private": "eyJzY2hlbWFfdmVyc2lvbiI6IjEifQ==",
          "create_before_destroy": true
        }
      ]
    }
  ],
  "check_results": null
}
